{
  "name": "sitemap-manager",
  "version": "1.0.0",
  "lockfileVersion": 2,
  "requires": true,
  "packages": {
    "": {
      "version": "1.0.0",
      "license": "MIT",
      "dependencies": {
        "moment": "^2.29.1",
        "pify": "^5.0.0",
        "xml": "^1.0.1"
      },
      "devDependencies": {
        "@types/pify": "^5.0.0",
        "@types/xml": "^1.0.5"
      }
    },
    "node_modules/@types/node": {
      "version": "14.14.31",
      "resolved": "https://registry.npmjs.org/@types/node/-/node-14.14.31.tgz",
      "integrity": "sha512-vFHy/ezP5qI0rFgJ7aQnjDXwAMrG0KqqIH7tQG5PPv3BWBayOPIQNBjVc/P6hhdZfMx51REc6tfDNXHUio893g==",
      "dev": true
    },
    "node_modules/@types/pify": {
      "version": "5.0.0",
      "resolved": "https://registry.npmjs.org/@types/pify/-/pify-5.0.0.tgz",
      "integrity": "sha512-Y7rZv5LH4WqWXiCBDp+OqMG43XekhABHsUoWnfWcpy2TE4YxekicDMxt95aQsRgGYWAZ21ab7IxOQj0pHhVKsQ==",
      "dev": true
    },
    "node_modules/@types/xml": {
      "version": "1.0.5",
      "resolved": "https://registry.npmjs.org/@types/xml/-/xml-1.0.5.tgz",
      "integrity": "sha512-h3PVM7waRi2UeoaY2BhpLGvettU/3vfCbsjXMV/9Ex5WjvIy82J8Qfp1xiPxM4kTSOLdFFpjRwQ7YY7XJeKBvg==",
      "dev": true,
      "dependencies": {
        "@types/node": "*"
      }
    },
    "node_modules/moment": {
      "version": "2.29.1",
      "resolved": "https://registry.npmjs.org/moment/-/moment-2.29.1.tgz",
      "integrity": "sha512-kHmoybcPV8Sqy59DwNDY3Jefr64lK/by/da0ViFcuA4DH0vQg5Q6Ze5VimxkfQNSC+Mls/Kx53s7TjP1RhFEDQ==",
      "engines": {
        "node": "*"
      }
    },
    "node_modules/pify": {
      "version": "5.0.0",
      "resolved": "https://registry.npmjs.org/pify/-/pify-5.0.0.tgz",
      "integrity": "sha512-eW/gHNMlxdSP6dmG6uJip6FXN0EQBwm2clYYd8Wul42Cwu/DK8HEftzsapcNdYe2MfLiIwZqsDk2RDEsTE79hA==",
      "engines": {
        "node": ">=10"
      },
      "funding": {
        "url": "https://github.com/sponsors/sindresorhus"
      }
    },
    "node_modules/xml": {
      "version": "1.0.1",
      "resolved": "https://registry.npmjs.org/xml/-/xml-1.0.1.tgz",
      "integrity": "sha1-eLpyAgApxbyHuKgaPPzXS0ovweU="
    }
  },
  "dependencies": {
    "@types/node": {
      "version": "14.14.31",
      "resolved": "https://registry.npmjs.org/@types/node/-/node-14.14.31.tgz",
      "integrity": "sha512-vFHy/ezP5qI0rFgJ7aQnjDXwAMrG0KqqIH7tQG5PPv3BWBayOPIQNBjVc/P6hhdZfMx51REc6tfDNXHUio893g==",
      "dev": true
    },
    "@types/pify": {
      "version": "5.0.0",
      "resolved": "https://registry.npmjs.org/@types/pify/-/pify-5.0.0.tgz",
      "integrity": "sha512-Y7rZv5LH4WqWXiCBDp+OqMG43XekhABHsUoWnfWcpy2TE4YxekicDMxt95aQsRgGYWAZ21ab7IxOQj0pHhVKsQ==",
      "dev": true
    },
    "@types/xml": {
      "version": "1.0.5",
      "resolved": "https://registry.npmjs.org/@types/xml/-/xml-1.0.5.tgz",
      "integrity": "sha512-h3PVM7waRi2UeoaY2BhpLGvettU/3vfCbsjXMV/9Ex5WjvIy82J8Qfp1xiPxM4kTSOLdFFpjRwQ7YY7XJeKBvg==",
      "dev": true,
      "requires": {
        "@types/node": "*"
      }
    },
    "moment": {
      "version": "2.29.1",
      "resolved": "https://registry.npmjs.org/moment/-/moment-2.29.1.tgz",
      "integrity": "sha512-kHmoybcPV8Sqy59DwNDY3Jefr64lK/by/da0ViFcuA4DH0vQg5Q6Ze5VimxkfQNSC+Mls/Kx53s7TjP1RhFEDQ=="
    },
    "pify": {
      "version": "5.0.0",
      "resolved": "https://registry.npmjs.org/pify/-/pify-5.0.0.tgz",
      "integrity": "sha512-eW/gHNMlxdSP6dmG6uJip6FXN0EQBwm2clYYd8Wul42Cwu/DK8HEftzsapcNdYe2MfLiIwZqsDk2RDEsTE79hA=="
    },
    "xml": {
      "version": "1.0.1",
      "resolved": "https://registry.npmjs.org/xml/-/xml-1.0.1.tgz",
      "integrity": "sha1-eLpyAgApxbyHuKgaPPzXS0ovweU="
    }
  }
}
